dependencies:
- name: postgresql
  repository: https://charts.bitnami.com/bitnami
  version: 12.1.14
- name: kafka
  repository: https://charts.bitnami.com/bitnami
  version: 20.0.6
- name: common
  repository: https://charts.bitnami.com/bitnami
  version: 2.2.3
digest: sha256:0e0291a043ee8c582953944b01ba4f2d2b8d7f6a4c75f5cfdfcf84026d27b2e8
generated: "2023-02-08T15:15:43.770817Z"
