dependencies:
- name: nginx
  repository: https://charts.bitnami.com/bitnami
  version: 17.0.2
- name: nginx
  repository: https://charts.bitnami.com/bitnami
  version: 17.0.2
- name: common
  repository: https://charts.bitnami.com/bitnami
  version: 2.19.2
digest: sha256:e539d852ba97f1cd9c2c62501739de6465f742e9a951cddb2ca77f51ba37b309
generated: "2024-05-20T15:40:52.982443596Z"
