dependencies:
- name: nginx
  repository: https://charts.bitnami.com/bitnami
  version: 13.2.34
- name: nginx
  repository: https://charts.bitnami.com/bitnami
  version: 13.2.34
- name: common
  repository: https://charts.bitnami.com/bitnami
  version: 2.2.4
digest: sha256:352797513226d6a4035b8ea1a0a4adea7583f60dc9afdde2f7a296b258c7bb57
generated: "2023-04-26T10:53:20.971188+01:00"
