dependencies:
- name: nginx
  repository: https://charts.bitnami.com/bitnami
  version: 13.2.24
- name: nginx
  repository: https://charts.bitnami.com/bitnami
  version: 13.2.24
- name: common
  repository: https://charts.bitnami.com/bitnami
  version: 2.2.3
digest: sha256:4a0d2900fb0c87c715e57af24c2fc7f9da277e9ff397cb4845408d56257ccd6e
generated: "2023-02-13T11:13:44.27082Z"
