dependencies:
- name: postgresql
  repository: https://charts.bitnami.com/bitnami
  version: 11.9.13
- name: dscp-node
  repository: https://digicatapult.github.io/helm-charts/
  version: 4.5.5
digest: sha256:cc8f6f62029c358366cee69d9b3bb90966fe36d2e6ee1830c9b94e203d198363
generated: "2023-03-08T13:15:18.969677586Z"
