dependencies:
- name: postgresql
  repository: https://charts.bitnami.com/bitnami
  version: 12.4.3
- name: common
  repository: https://charts.bitnami.com/bitnami
  version: 2.2.5
- name: dscp-node
  repository: https://digicatapult.github.io/helm-charts/
  version: 5.0.0
digest: sha256:269db457431dcd36ba6b02b39c9a5a84474b5a15249abd4db01e98e01846d8c7
generated: "2023-05-10T09:44:45.298281+01:00"
