dependencies:
- name: common
  repository: https://charts.bitnami.com/bitnami
  version: 2.16.1
- name: sqnc-node
  repository: https://digicatapult.github.io/helm-charts/
  version: 7.0.0
digest: sha256:a6478a41668198e4c50ebb89fd4db5269bdb350efc1b19663a7b0cc4a667add6
generated: "2024-02-20T15:24:47.822468Z"
